// !$*UTF8*$!
{
	archiveVersion = 1;
	classes = {
	};
	objectVersion = 50;
	objects = {

/* Begin PBXBuildFile section */
		9FC70AEE24E179EB006EAF0B /* AppDelegate.swift in Sources */ = {isa = PBXBuildFile; fileRef = 9FC70AED24E179EB006EAF0B /* AppDelegate.swift */; };
		9FC70AF024E179EB006EAF0B /* SceneDelegate.swift in Sources */ = {isa = PBXBuildFile; fileRef = 9FC70AEF24E179EB006EAF0B /* SceneDelegate.swift */; };
		9FC70AF424E179ED006EAF0B /* Assets.xcassets in Resources */ = {isa = PBXBuildFile; fileRef = 9FC70AF324E179ED006EAF0B /* Assets.xcassets */; };
		9FC70AF724E179ED006EAF0B /* Preview Assets.xcassets in Resources */ = {isa = PBXBuildFile; fileRef = 9FC70AF624E179ED006EAF0B /* Preview Assets.xcassets */; };
		9FC70AFA24E179ED006EAF0B /* LaunchScreen.storyboard in Resources */ = {isa = PBXBuildFile; fileRef = 9FC70AF824E179ED006EAF0B /* LaunchScreen.storyboard */; };
		9FC70B0524E179ED006EAF0B /* prototypeTests.swift in Sources */ = {isa = PBXBuildFile; fileRef = 9FC70B0424E179ED006EAF0B /* prototypeTests.swift */; };
		9FC70B1024E179ED006EAF0B /* prototypeUITests.swift in Sources */ = {isa = PBXBuildFile; fileRef = 9FC70B0F24E179ED006EAF0B /* prototypeUITests.swift */; };
		9FC70B2324E17BF6006EAF0B /* RepositoryListView.swift in Sources */ = {isa = PBXBuildFile; fileRef = 9FC70B2224E17BF6006EAF0B /* RepositoryListView.swift */; };
		9FC70B2524E17C7B006EAF0B /* RepositoryListViewModel.swift in Sources */ = {isa = PBXBuildFile; fileRef = 9FC70B2424E17C7B006EAF0B /* RepositoryListViewModel.swift */; };
		9FC70B2724E17D0F006EAF0B /* UnidirectionalDataFlowType.swift in Sources */ = {isa = PBXBuildFile; fileRef = 9FC70B2624E17D0F006EAF0B /* UnidirectionalDataFlowType.swift */; };
		9FC70B2924E18034006EAF0B /* RepositoryListRow.swift in Sources */ = {isa = PBXBuildFile; fileRef = 9FC70B2824E18034006EAF0B /* RepositoryListRow.swift */; };
		9FC70B2C24E180AD006EAF0B /* Repository.swift in Sources */ = {isa = PBXBuildFile; fileRef = 9FC70B2B24E180AD006EAF0B /* Repository.swift */; };
		9FC70B2E24E180E4006EAF0B /* User.swift in Sources */ = {isa = PBXBuildFile; fileRef = 9FC70B2D24E180E4006EAF0B /* User.swift */; };
		9FC70B3024E23B0F006EAF0B /* RepositoryDetailView.swift in Sources */ = {isa = PBXBuildFile; fileRef = 9FC70B2F24E23B0F006EAF0B /* RepositoryDetailView.swift */; };
		9FC70B3224E23B68006EAF0B /* RepositoryDetailViewModel.swift in Sources */ = {isa = PBXBuildFile; fileRef = 9FC70B3124E23B68006EAF0B /* RepositoryDetailViewModel.swift */; };
/* End PBXBuildFile section */

/* Begin PBXContainerItemProxy section */
		9FC70B0124E179ED006EAF0B /* PBXContainerItemProxy */ = {
			isa = PBXContainerItemProxy;
			containerPortal = 9FC70AE224E179EB006EAF0B /* Project object */;
			proxyType = 1;
			remoteGlobalIDString = 9FC70AE924E179EB006EAF0B;
			remoteInfo = prototype;
		};
		9FC70B0C24E179ED006EAF0B /* PBXContainerItemProxy */ = {
			isa = PBXContainerItemProxy;
			containerPortal = 9FC70AE224E179EB006EAF0B /* Project object */;
			proxyType = 1;
			remoteGlobalIDString = 9FC70AE924E179EB006EAF0B;
			remoteInfo = prototype;
		};
/* End PBXContainerItemProxy section */

/* Begin PBXFileReference section */
		9FC70AEA24E179EB006EAF0B /* prototype.app */ = {isa = PBXFileReference; explicitFileType = wrapper.application; includeInIndex = 0; path = prototype.app; sourceTree = BUILT_PRODUCTS_DIR; };
		9FC70AED24E179EB006EAF0B /* AppDelegate.swift */ = {isa = PBXFileReference; lastKnownFileType = sourcecode.swift; path = AppDelegate.swift; sourceTree = "<group>"; };
		9FC70AEF24E179EB006EAF0B /* SceneDelegate.swift */ = {isa = PBXFileReference; lastKnownFileType = sourcecode.swift; path = SceneDelegate.swift; sourceTree = "<group>"; };
		9FC70AF324E179ED006EAF0B /* Assets.xcassets */ = {isa = PBXFileReference; lastKnownFileType = folder.assetcatalog; path = Assets.xcassets; sourceTree = "<group>"; };
		9FC70AF624E179ED006EAF0B /* Preview Assets.xcassets */ = {isa = PBXFileReference; lastKnownFileType = folder.assetcatalog; path = "Preview Assets.xcassets"; sourceTree = "<group>"; };
		9FC70AF924E179ED006EAF0B /* Base */ = {isa = PBXFileReference; lastKnownFileType = file.storyboard; name = Base; path = Base.lproj/LaunchScreen.storyboard; sourceTree = "<group>"; };
		9FC70AFB24E179ED006EAF0B /* Info.plist */ = {isa = PBXFileReference; lastKnownFileType = text.plist.xml; path = Info.plist; sourceTree = "<group>"; };
		9FC70B0024E179ED006EAF0B /* prototypeTests.xctest */ = {isa = PBXFileReference; explicitFileType = wrapper.cfbundle; includeInIndex = 0; path = prototypeTests.xctest; sourceTree = BUILT_PRODUCTS_DIR; };
		9FC70B0424E179ED006EAF0B /* prototypeTests.swift */ = {isa = PBXFileReference; lastKnownFileType = sourcecode.swift; path = prototypeTests.swift; sourceTree = "<group>"; };
		9FC70B0624E179ED006EAF0B /* Info.plist */ = {isa = PBXFileReference; lastKnownFileType = text.plist.xml; path = Info.plist; sourceTree = "<group>"; };
		9FC70B0B24E179ED006EAF0B /* prototypeUITests.xctest */ = {isa = PBXFileReference; explicitFileType = wrapper.cfbundle; includeInIndex = 0; path = prototypeUITests.xctest; sourceTree = BUILT_PRODUCTS_DIR; };
		9FC70B0F24E179ED006EAF0B /* prototypeUITests.swift */ = {isa = PBXFileReference; lastKnownFileType = sourcecode.swift; path = prototypeUITests.swift; sourceTree = "<group>"; };
		9FC70B1124E179ED006EAF0B /* Info.plist */ = {isa = PBXFileReference; lastKnownFileType = text.plist.xml; path = Info.plist; sourceTree = "<group>"; };
		9FC70B2224E17BF6006EAF0B /* RepositoryListView.swift */ = {isa = PBXFileReference; lastKnownFileType = sourcecode.swift; path = RepositoryListView.swift; sourceTree = "<group>"; };
		9FC70B2424E17C7B006EAF0B /* RepositoryListViewModel.swift */ = {isa = PBXFileReference; lastKnownFileType = sourcecode.swift; path = RepositoryListViewModel.swift; sourceTree = "<group>"; };
		9FC70B2624E17D0F006EAF0B /* UnidirectionalDataFlowType.swift */ = {isa = PBXFileReference; lastKnownFileType = sourcecode.swift; path = UnidirectionalDataFlowType.swift; sourceTree = "<group>"; };
		9FC70B2824E18034006EAF0B /* RepositoryListRow.swift */ = {isa = PBXFileReference; lastKnownFileType = sourcecode.swift; path = RepositoryListRow.swift; sourceTree = "<group>"; };
		9FC70B2B24E180AD006EAF0B /* Repository.swift */ = {isa = PBXFileReference; lastKnownFileType = sourcecode.swift; path = Repository.swift; sourceTree = "<group>"; };
		9FC70B2D24E180E4006EAF0B /* User.swift */ = {isa = PBXFileReference; lastKnownFileType = sourcecode.swift; path = User.swift; sourceTree = "<group>"; };
		9FC70B2F24E23B0F006EAF0B /* RepositoryDetailView.swift */ = {isa = PBXFileReference; lastKnownFileType = sourcecode.swift; path = RepositoryDetailView.swift; sourceTree = "<group>"; };
		9FC70B3124E23B68006EAF0B /* RepositoryDetailViewModel.swift */ = {isa = PBXFileReference; lastKnownFileType = sourcecode.swift; path = RepositoryDetailViewModel.swift; sourceTree = "<group>"; };
/* End PBXFileReference section */

/* Begin PBXFrameworksBuildPhase section */
		9FC70AE724E179EB006EAF0B /* Frameworks */ = {
			isa = PBXFrameworksBuildPhase;
			buildActionMask = 2147483647;
			files = (
			);
			runOnlyForDeploymentPostprocessing = 0;
		};
		9FC70AFD24E179ED006EAF0B /* Frameworks */ = {
			isa = PBXFrameworksBuildPhase;
			buildActionMask = 2147483647;
			files = (
			);
			runOnlyForDeploymentPostprocessing = 0;
		};
		9FC70B0824E179ED006EAF0B /* Frameworks */ = {
			isa = PBXFrameworksBuildPhase;
			buildActionMask = 2147483647;
			files = (
			);
			runOnlyForDeploymentPostprocessing = 0;
		};
/* End PBXFrameworksBuildPhase section */

/* Begin PBXGroup section */
		9FC70AE124E179EB006EAF0B = {
			isa = PBXGroup;
			children = (
				9FC70AEC24E179EB006EAF0B /* prototype */,
				9FC70B0324E179ED006EAF0B /* prototypeTests */,
				9FC70B0E24E179ED006EAF0B /* prototypeUITests */,
				9FC70AEB24E179EB006EAF0B /* Products */,
			);
			sourceTree = "<group>";
		};
		9FC70AEB24E179EB006EAF0B /* Products */ = {
			isa = PBXGroup;
			children = (
				9FC70AEA24E179EB006EAF0B /* prototype.app */,
				9FC70B0024E179ED006EAF0B /* prototypeTests.xctest */,
				9FC70B0B24E179ED006EAF0B /* prototypeUITests.xctest */,
			);
			name = Products;
			sourceTree = "<group>";
		};
		9FC70AEC24E179EB006EAF0B /* prototype */ = {
			isa = PBXGroup;
			children = (
				9FC70B2A24E1809E006EAF0B /* Models */,
				9FC70B2024E17BD3006EAF0B /* Views */,
				9FC70B2124E17BDA006EAF0B /* ViewModels */,
				9FC70AED24E179EB006EAF0B /* AppDelegate.swift */,
				9FC70AEF24E179EB006EAF0B /* SceneDelegate.swift */,
				9FC70AF324E179ED006EAF0B /* Assets.xcassets */,
				9FC70AF824E179ED006EAF0B /* LaunchScreen.storyboard */,
				9FC70AFB24E179ED006EAF0B /* Info.plist */,
				9FC70AF524E179ED006EAF0B /* Preview Content */,
			);
			path = prototype;
			sourceTree = "<group>";
		};
		9FC70AF524E179ED006EAF0B /* Preview Content */ = {
			isa = PBXGroup;
			children = (
				9FC70AF624E179ED006EAF0B /* Preview Assets.xcassets */,
			);
			path = "Preview Content";
			sourceTree = "<group>";
		};
		9FC70B0324E179ED006EAF0B /* prototypeTests */ = {
			isa = PBXGroup;
			children = (
				9FC70B0424E179ED006EAF0B /* prototypeTests.swift */,
				9FC70B0624E179ED006EAF0B /* Info.plist */,
			);
			path = prototypeTests;
			sourceTree = "<group>";
		};
		9FC70B0E24E179ED006EAF0B /* prototypeUITests */ = {
			isa = PBXGroup;
			children = (
				9FC70B0F24E179ED006EAF0B /* prototypeUITests.swift */,
				9FC70B1124E179ED006EAF0B /* Info.plist */,
			);
			path = prototypeUITests;
			sourceTree = "<group>";
		};
		9FC70B2024E17BD3006EAF0B /* Views */ = {
			isa = PBXGroup;
			children = (
				9FC70B2224E17BF6006EAF0B /* RepositoryListView.swift */,
				9FC70B2824E18034006EAF0B /* RepositoryListRow.swift */,
				9FC70B2F24E23B0F006EAF0B /* RepositoryDetailView.swift */,
			);
			path = Views;
			sourceTree = "<group>";
		};
		9FC70B2124E17BDA006EAF0B /* ViewModels */ = {
			isa = PBXGroup;
			children = (
				9FC70B2424E17C7B006EAF0B /* RepositoryListViewModel.swift */,
				9FC70B2624E17D0F006EAF0B /* UnidirectionalDataFlowType.swift */,
				9FC70B3124E23B68006EAF0B /* RepositoryDetailViewModel.swift */,
			);
			path = ViewModels;
			sourceTree = "<group>";
		};
		9FC70B2A24E1809E006EAF0B /* Models */ = {
			isa = PBXGroup;
			children = (
				9FC70B2B24E180AD006EAF0B /* Repository.swift */,
				9FC70B2D24E180E4006EAF0B /* User.swift */,
			);
			path = Models;
			sourceTree = "<group>";
		};
/* End PBXGroup section */

/* Begin PBXNativeTarget section */
		9FC70AE924E179EB006EAF0B /* prototype */ = {
			isa = PBXNativeTarget;
			buildConfigurationList = 9FC70B1424E179ED006EAF0B /* Build configuration list for PBXNativeTarget "prototype" */;
			buildPhases = (
				9FC70AE624E179EB006EAF0B /* Sources */,
				9FC70AE724E179EB006EAF0B /* Frameworks */,
				9FC70AE824E179EB006EAF0B /* Resources */,
			);
			buildRules = (
			);
			dependencies = (
			);
			name = prototype;
			productName = prototype;
			productReference = 9FC70AEA24E179EB006EAF0B /* prototype.app */;
			productType = "com.apple.product-type.application";
		};
		9FC70AFF24E179ED006EAF0B /* prototypeTests */ = {
			isa = PBXNativeTarget;
			buildConfigurationList = 9FC70B1724E179ED006EAF0B /* Build configuration list for PBXNativeTarget "prototypeTests" */;
			buildPhases = (
				9FC70AFC24E179ED006EAF0B /* Sources */,
				9FC70AFD24E179ED006EAF0B /* Frameworks */,
				9FC70AFE24E179ED006EAF0B /* Resources */,
			);
			buildRules = (
			);
			dependencies = (
				9FC70B0224E179ED006EAF0B /* PBXTargetDependency */,
			);
			name = prototypeTests;
			productName = prototypeTests;
			productReference = 9FC70B0024E179ED006EAF0B /* prototypeTests.xctest */;
			productType = "com.apple.product-type.bundle.unit-test";
		};
		9FC70B0A24E179ED006EAF0B /* prototypeUITests */ = {
			isa = PBXNativeTarget;
			buildConfigurationList = 9FC70B1A24E179ED006EAF0B /* Build configuration list for PBXNativeTarget "prototypeUITests" */;
			buildPhases = (
				9FC70B0724E179ED006EAF0B /* Sources */,
				9FC70B0824E179ED006EAF0B /* Frameworks */,
				9FC70B0924E179ED006EAF0B /* Resources */,
			);
			buildRules = (
			);
			dependencies = (
				9FC70B0D24E179ED006EAF0B /* PBXTargetDependency */,
			);
			name = prototypeUITests;
			productName = prototypeUITests;
			productReference = 9FC70B0B24E179ED006EAF0B /* prototypeUITests.xctest */;
			productType = "com.apple.product-type.bundle.ui-testing";
		};
/* End PBXNativeTarget section */

/* Begin PBXProject section */
		9FC70AE224E179EB006EAF0B /* Project object */ = {
			isa = PBXProject;
			attributes = {
				LastSwiftUpdateCheck = 1160;
				LastUpgradeCheck = 1160;
				ORGANIZATIONNAME = khirayama;
				TargetAttributes = {
					9FC70AE924E179EB006EAF0B = {
						CreatedOnToolsVersion = 11.6;
					};
					9FC70AFF24E179ED006EAF0B = {
						CreatedOnToolsVersion = 11.6;
						TestTargetID = 9FC70AE924E179EB006EAF0B;
					};
					9FC70B0A24E179ED006EAF0B = {
						CreatedOnToolsVersion = 11.6;
						TestTargetID = 9FC70AE924E179EB006EAF0B;
					};
				};
			};
			buildConfigurationList = 9FC70AE524E179EB006EAF0B /* Build configuration list for PBXProject "prototype" */;
			compatibilityVersion = "Xcode 9.3";
			developmentRegion = en;
			hasScannedForEncodings = 0;
			knownRegions = (
				en,
				Base,
			);
			mainGroup = 9FC70AE124E179EB006EAF0B;
			productRefGroup = 9FC70AEB24E179EB006EAF0B /* Products */;
			projectDirPath = "";
			projectRoot = "";
			targets = (
				9FC70AE924E179EB006EAF0B /* prototype */,
				9FC70AFF24E179ED006EAF0B /* prototypeTests */,
				9FC70B0A24E179ED006EAF0B /* prototypeUITests */,
			);
		};
/* End PBXProject section */

/* Begin PBXResourcesBuildPhase section */
		9FC70AE824E179EB006EAF0B /* Resources */ = {
			isa = PBXResourcesBuildPhase;
			buildActionMask = 2147483647;
			files = (
				9FC70AFA24E179ED006EAF0B /* LaunchScreen.storyboard in Resources */,
				9FC70AF724E179ED006EAF0B /* Preview Assets.xcassets in Resources */,
				9FC70AF424E179ED006EAF0B /* Assets.xcassets in Resources */,
			);
			runOnlyForDeploymentPostprocessing = 0;
		};
		9FC70AFE24E179ED006EAF0B /* Resources */ = {
			isa = PBXResourcesBuildPhase;
			buildActionMask = 2147483647;
			files = (
			);
			runOnlyForDeploymentPostprocessing = 0;
		};
		9FC70B0924E179ED006EAF0B /* Resources */ = {
			isa = PBXResourcesBuildPhase;
			buildActionMask = 2147483647;
			files = (
			);
			runOnlyForDeploymentPostprocessing = 0;
		};
/* End PBXResourcesBuildPhase section */

/* Begin PBXSourcesBuildPhase section */
		9FC70AE624E179EB006EAF0B /* Sources */ = {
			isa = PBXSourcesBuildPhase;
			buildActionMask = 2147483647;
			files = (
				9FC70B2C24E180AD006EAF0B /* Repository.swift in Sources */,
				9FC70B2524E17C7B006EAF0B /* RepositoryListViewModel.swift in Sources */,
				9FC70B2324E17BF6006EAF0B /* RepositoryListView.swift in Sources */,
				9FC70B2724E17D0F006EAF0B /* UnidirectionalDataFlowType.swift in Sources */,
				9FC70B2E24E180E4006EAF0B /* User.swift in Sources */,
				9FC70AEE24E179EB006EAF0B /* AppDelegate.swift in Sources */,
				9FC70B3024E23B0F006EAF0B /* RepositoryDetailView.swift in Sources */,
				9FC70B2924E18034006EAF0B /* RepositoryListRow.swift in Sources */,
				9FC70AF024E179EB006EAF0B /* SceneDelegate.swift in Sources */,
				9FC70B3224E23B68006EAF0B /* RepositoryDetailViewModel.swift in Sources */,
			);
			runOnlyForDeploymentPostprocessing = 0;
		};
		9FC70AFC24E179ED006EAF0B /* Sources */ = {
			isa = PBXSourcesBuildPhase;
			buildActionMask = 2147483647;
			files = (
				9FC70B0524E179ED006EAF0B /* prototypeTests.swift in Sources */,
			);
			runOnlyForDeploymentPostprocessing = 0;
		};
		9FC70B0724E179ED006EAF0B /* Sources */ = {
			isa = PBXSourcesBuildPhase;
			buildActionMask = 2147483647;
			files = (
				9FC70B1024E179ED006EAF0B /* prototypeUITests.swift in Sources */,
			);
			runOnlyForDeploymentPostprocessing = 0;
		};
/* End PBXSourcesBuildPhase section */

/* Begin PBXTargetDependency section */
		9FC70B0224E179ED006EAF0B /* PBXTargetDependency */ = {
			isa = PBXTargetDependency;
			target = 9FC70AE924E179EB006EAF0B /* prototype */;
			targetProxy = 9FC70B0124E179ED006EAF0B /* PBXContainerItemProxy */;
		};
		9FC70B0D24E179ED006EAF0B /* PBXTargetDependency */ = {
			isa = PBXTargetDependency;
			target = 9FC70AE924E179EB006EAF0B /* prototype */;
			targetProxy = 9FC70B0C24E179ED006EAF0B /* PBXContainerItemProxy */;
		};
/* End PBXTargetDependency section */

/* Begin PBXVariantGroup section */
		9FC70AF824E179ED006EAF0B /* LaunchScreen.storyboard */ = {
			isa = PBXVariantGroup;
			children = (
				9FC70AF924E179ED006EAF0B /* Base */,
			);
			name = LaunchScreen.storyboard;
			sourceTree = "<group>";
		};
/* End PBXVariantGroup section */

/* Begin XCBuildConfiguration section */
		9FC70B1224E179ED006EAF0B /* Debug */ = {
			isa = XCBuildConfiguration;
			buildSettings = {
				ALWAYS_SEARCH_USER_PATHS = NO;
				CLANG_ANALYZER_NONNULL = YES;
				CLANG_ANALYZER_NUMBER_OBJECT_CONVERSION = YES_AGGRESSIVE;
				CLANG_CXX_LANGUAGE_STANDARD = "gnu++14";
				CLANG_CXX_LIBRARY = "libc++";
				CLANG_ENABLE_MODULES = YES;
				CLANG_ENABLE_OBJC_ARC = YES;
				CLANG_ENABLE_OBJC_WEAK = YES;
				CLANG_WARN_BLOCK_CAPTURE_AUTORELEASING = YES;
				CLANG_WARN_BOOL_CONVERSION = YES;
				CLANG_WARN_COMMA = YES;
				CLANG_WARN_CONSTANT_CONVERSION = YES;
				CLANG_WARN_DEPRECATED_OBJC_IMPLEMENTATIONS = YES;
				CLANG_WARN_DIRECT_OBJC_ISA_USAGE = YES_ERROR;
				CLANG_WARN_DOCUMENTATION_COMMENTS = YES;
				CLANG_WARN_EMPTY_BODY = YES;
				CLANG_WARN_ENUM_CONVERSION = YES;
				CLANG_WARN_INFINITE_RECURSION = YES;
				CLANG_WARN_INT_CONVERSION = YES;
				CLANG_WARN_NON_LITERAL_NULL_CONVERSION = YES;
				CLANG_WARN_OBJC_IMPLICIT_RETAIN_SELF = YES;
				CLANG_WARN_OBJC_LITERAL_CONVERSION = YES;
				CLANG_WARN_OBJC_ROOT_CLASS = YES_ERROR;
				CLANG_WARN_RANGE_LOOP_ANALYSIS = YES;
				CLANG_WARN_STRICT_PROTOTYPES = YES;
				CLANG_WARN_SUSPICIOUS_MOVE = YES;
				CLANG_WARN_UNGUARDED_AVAILABILITY = YES_AGGRESSIVE;
				CLANG_WARN_UNREACHABLE_CODE = YES;
				CLANG_WARN__DUPLICATE_METHOD_MATCH = YES;
				COPY_PHASE_STRIP = NO;
				DEBUG_INFORMATION_FORMAT = dwarf;
				ENABLE_STRICT_OBJC_MSGSEND = YES;
				ENABLE_TESTABILITY = YES;
				GCC_C_LANGUAGE_STANDARD = gnu11;
				GCC_DYNAMIC_NO_PIC = NO;
				GCC_NO_COMMON_BLOCKS = YES;
				GCC_OPTIMIZATION_LEVEL = 0;
				GCC_PREPROCESSOR_DEFINITIONS = (
					"DEBUG=1",
					"$(inherited)",
				);
				GCC_WARN_64_TO_32_BIT_CONVERSION = YES;
				GCC_WARN_ABOUT_RETURN_TYPE = YES_ERROR;
				GCC_WARN_UNDECLARED_SELECTOR = YES;
				GCC_WARN_UNINITIALIZED_AUTOS = YES_AGGRESSIVE;
				GCC_WARN_UNUSED_FUNCTION = YES;
				GCC_WARN_UNUSED_VARIABLE = YES;
				IPHONEOS_DEPLOYMENT_TARGET = 13.6;
				MTL_ENABLE_DEBUG_INFO = INCLUDE_SOURCE;
				MTL_FAST_MATH = YES;
				ONLY_ACTIVE_ARCH = YES;
				SDKROOT = iphoneos;
				SWIFT_ACTIVE_COMPILATION_CONDITIONS = DEBUG;
				SWIFT_OPTIMIZATION_LEVEL = "-Onone";
			};
			name = Debug;
		};
		9FC70B1324E179ED006EAF0B /* Release */ = {
			isa = XCBuildConfiguration;
			buildSettings = {
				ALWAYS_SEARCH_USER_PATHS = NO;
				CLANG_ANALYZER_NONNULL = YES;
				CLANG_ANALYZER_NUMBER_OBJECT_CONVERSION = YES_AGGRESSIVE;
				CLANG_CXX_LANGUAGE_STANDARD = "gnu++14";
				CLANG_CXX_LIBRARY = "libc++";
				CLANG_ENABLE_MODULES = YES;
				CLANG_ENABLE_OBJC_ARC = YES;
				CLANG_ENABLE_OBJC_WEAK = YES;
				CLANG_WARN_BLOCK_CAPTURE_AUTORELEASING = YES;
				CLANG_WARN_BOOL_CONVERSION = YES;
				CLANG_WARN_COMMA = YES;
				CLANG_WARN_CONSTANT_CONVERSION = YES;
				CLANG_WARN_DEPRECATED_OBJC_IMPLEMENTATIONS = YES;
				CLANG_WARN_DIRECT_OBJC_ISA_USAGE = YES_ERROR;
				CLANG_WARN_DOCUMENTATION_COMMENTS = YES;
				CLANG_WARN_EMPTY_BODY = YES;
				CLANG_WARN_ENUM_CONVERSION = YES;
				CLANG_WARN_INFINITE_RECURSION = YES;
				CLANG_WARN_INT_CONVERSION = YES;
				CLANG_WARN_NON_LITERAL_NULL_CONVERSION = YES;
				CLANG_WARN_OBJC_IMPLICIT_RETAIN_SELF = YES;
				CLANG_WARN_OBJC_LITERAL_CONVERSION = YES;
				CLANG_WARN_OBJC_ROOT_CLASS = YES_ERROR;
				CLANG_WARN_RANGE_LOOP_ANALYSIS = YES;
				CLANG_WARN_STRICT_PROTOTYPES = YES;
				CLANG_WARN_SUSPICIOUS_MOVE = YES;
				CLANG_WARN_UNGUARDED_AVAILABILITY = YES_AGGRESSIVE;
				CLANG_WARN_UNREACHABLE_CODE = YES;
				CLANG_WARN__DUPLICATE_METHOD_MATCH = YES;
				COPY_PHASE_STRIP = NO;
				DEBUG_INFORMATION_FORMAT = "dwarf-with-dsym";
				ENABLE_NS_ASSERTIONS = NO;
				ENABLE_STRICT_OBJC_MSGSEND = YES;
				GCC_C_LANGUAGE_STANDARD = gnu11;
				GCC_NO_COMMON_BLOCKS = YES;
				GCC_WARN_64_TO_32_BIT_CONVERSION = YES;
				GCC_WARN_ABOUT_RETURN_TYPE = YES_ERROR;
				GCC_WARN_UNDECLARED_SELECTOR = YES;
				GCC_WARN_UNINITIALIZED_AUTOS = YES_AGGRESSIVE;
				GCC_WARN_UNUSED_FUNCTION = YES;
				GCC_WARN_UNUSED_VARIABLE = YES;
				IPHONEOS_DEPLOYMENT_TARGET = 13.6;
				MTL_ENABLE_DEBUG_INFO = NO;
				MTL_FAST_MATH = YES;
				SDKROOT = iphoneos;
				SWIFT_COMPILATION_MODE = wholemodule;
				SWIFT_OPTIMIZATION_LEVEL = "-O";
				VALIDATE_PRODUCT = YES;
			};
			name = Release;
		};
		9FC70B1524E179ED006EAF0B /* Debug */ = {
			isa = XCBuildConfiguration;
			buildSettings = {
				ASSETCATALOG_COMPILER_APPICON_NAME = AppIcon;
				CODE_SIGN_STYLE = Automatic;
				DEVELOPMENT_ASSET_PATHS = "\"prototype/Preview Content\"";
				ENABLE_PREVIEWS = YES;
				INFOPLIST_FILE = prototype/Info.plist;
				LD_RUNPATH_SEARCH_PATHS = (
					"$(inherited)",
					"@executable_path/Frameworks",
				);
				PRODUCT_BUNDLE_IDENTIFIER = khirayama.prototype;
				PRODUCT_NAME = "$(TARGET_NAME)";
				SWIFT_VERSION = 5.0;
				TARGETED_DEVICE_FAMILY = "1,2";
			};
			name = Debug;
		};
		9FC70B1624E179ED006EAF0B /* Release */ = {
			isa = XCBuildConfiguration;
			buildSettings = {
				ASSETCATALOG_COMPILER_APPICON_NAME = AppIcon;
				CODE_SIGN_STYLE = Automatic;
				DEVELOPMENT_ASSET_PATHS = "\"prototype/Preview Content\"";
				ENABLE_PREVIEWS = YES;
				INFOPLIST_FILE = prototype/Info.plist;
				LD_RUNPATH_SEARCH_PATHS = (
					"$(inherited)",
					"@executable_path/Frameworks",
				);
				PRODUCT_BUNDLE_IDENTIFIER = khirayama.prototype;
				PRODUCT_NAME = "$(TARGET_NAME)";
				SWIFT_VERSION = 5.0;
				TARGETED_DEVICE_FAMILY = "1,2";
			};
			name = Release;
		};
		9FC70B1824E179ED006EAF0B /* Debug */ = {
			isa = XCBuildConfiguration;
			buildSettings = {
				ALWAYS_EMBED_SWIFT_STANDARD_LIBRARIES = YES;
				BUNDLE_LOADER = "$(TEST_HOST)";
				CODE_SIGN_STYLE = Automatic;
				INFOPLIST_FILE = prototypeTests/Info.plist;
				IPHONEOS_DEPLOYMENT_TARGET = 13.6;
				LD_RUNPATH_SEARCH_PATHS = (
					"$(inherited)",
					"@executable_path/Frameworks",
					"@loader_path/Frameworks",
				);
				PRODUCT_BUNDLE_IDENTIFIER = khirayama.prototypeTests;
				PRODUCT_NAME = "$(TARGET_NAME)";
				SWIFT_VERSION = 5.0;
				TARGETED_DEVICE_FAMILY = "1,2";
				TEST_HOST = "$(BUILT_PRODUCTS_DIR)/prototype.app/prototype";
			};
			name = Debug;
		};
		9FC70B1924E179ED006EAF0B /* Release */ = {
			isa = XCBuildConfiguration;
			buildSettings = {
				ALWAYS_EMBED_SWIFT_STANDARD_LIBRARIES = YES;
				BUNDLE_LOADER = "$(TEST_HOST)";
				CODE_SIGN_STYLE = Automatic;
				INFOPLIST_FILE = prototypeTests/Info.plist;
				IPHONEOS_DEPLOYMENT_TARGET = 13.6;
				LD_RUNPATH_SEARCH_PATHS = (
					"$(inherited)",
					"@executable_path/Frameworks",
					"@loader_path/Frameworks",
				);
				PRODUCT_BUNDLE_IDENTIFIER = khirayama.prototypeTests;
				PRODUCT_NAME = "$(TARGET_NAME)";
				SWIFT_VERSION = 5.0;
				TARGETED_DEVICE_FAMILY = "1,2";
				TEST_HOST = "$(BUILT_PRODUCTS_DIR)/prototype.app/prototype";
			};
			name = Release;
		};
		9FC70B1B24E179ED006EAF0B /* Debug */ = {
			isa = XCBuildConfiguration;
			buildSettings = {
				ALWAYS_EMBED_SWIFT_STANDARD_LIBRARIES = YES;
				CODE_SIGN_STYLE = Automatic;
				INFOPLIST_FILE = prototypeUITests/Info.plist;
				LD_RUNPATH_SEARCH_PATHS = (
					"$(inherited)",
					"@executable_path/Frameworks",
					"@loader_path/Frameworks",
				);
				PRODUCT_BUNDLE_IDENTIFIER = khirayama.prototypeUITests;
				PRODUCT_NAME = "$(TARGET_NAME)";
				SWIFT_VERSION = 5.0;
				TARGETED_DEVICE_FAMILY = "1,2";
				TEST_TARGET_NAME = prototype;
			};
			name = Debug;
		};
		9FC70B1C24E179ED006EAF0B /* Release */ = {
			isa = XCBuildConfiguration;
			buildSettings = {
				ALWAYS_EMBED_SWIFT_STANDARD_LIBRARIES = YES;
				CODE_SIGN_STYLE = Automatic;
				INFOPLIST_FILE = prototypeUITests/Info.plist;
				LD_RUNPATH_SEARCH_PATHS = (
					"$(inherited)",
					"@executable_path/Frameworks",
					"@loader_path/Frameworks",
				);
				PRODUCT_BUNDLE_IDENTIFIER = khirayama.prototypeUITests;
				PRODUCT_NAME = "$(TARGET_NAME)";
				SWIFT_VERSION = 5.0;
				TARGETED_DEVICE_FAMILY = "1,2";
				TEST_TARGET_NAME = prototype;
			};
			name = Release;
		};
/* End XCBuildConfiguration section */

/* Begin XCConfigurationList section */
		9FC70AE524E179EB006EAF0B /* Build configuration list for PBXProject "prototype" */ = {
			isa = XCConfigurationList;
			buildConfigurations = (
				9FC70B1224E179ED006EAF0B /* Debug */,
				9FC70B1324E179ED006EAF0B /* Release */,
			);
			defaultConfigurationIsVisible = 0;
			defaultConfigurationName = Release;
		};
		9FC70B1424E179ED006EAF0B /* Build configuration list for PBXNativeTarget "prototype" */ = {
			isa = XCConfigurationList;
			buildConfigurations = (
				9FC70B1524E179ED006EAF0B /* Debug */,
				9FC70B1624E179ED006EAF0B /* Release */,
			);
			defaultConfigurationIsVisible = 0;
			defaultConfigurationName = Release;
		};
		9FC70B1724E179ED006EAF0B /* Build configuration list for PBXNativeTarget "prototypeTests" */ = {
			isa = XCConfigurationList;
			buildConfigurations = (
				9FC70B1824E179ED006EAF0B /* Debug */,
				9FC70B1924E179ED006EAF0B /* Release */,
			);
			defaultConfigurationIsVisible = 0;
			defaultConfigurationName = Release;
		};
		9FC70B1A24E179ED006EAF0B /* Build configuration list for PBXNativeTarget "prototypeUITests" */ = {
			isa = XCConfigurationList;
			buildConfigurations = (
				9FC70B1B24E179ED006EAF0B /* Debug */,
				9FC70B1C24E179ED006EAF0B /* Release */,
			);
			defaultConfigurationIsVisible = 0;
			defaultConfigurationName = Release;
		};
/* End XCConfigurationList section */
	};
	rootObject = 9FC70AE224E179EB006EAF0B /* Project object */;
}
