// !$*UTF8*$!
{
	archiveVersion = 1;
	classes = {
	};
	objectVersion = 50;
	objects = {

/* Begin PBXBuildFile section */
		9FC70B4D24E406B1006EAF0B /* AppDelegate.swift in Sources */ = {isa = PBXBuildFile; fileRef = 9FC70B4C24E406B1006EAF0B /* AppDelegate.swift */; };
		9FC70B4F24E406B1006EAF0B /* SceneDelegate.swift in Sources */ = {isa = PBXBuildFile; fileRef = 9FC70B4E24E406B1006EAF0B /* SceneDelegate.swift */; };
		9FC70B5124E406B1006EAF0B /* ContentView.swift in Sources */ = {isa = PBXBuildFile; fileRef = 9FC70B5024E406B1006EAF0B /* ContentView.swift */; };
		9FC70B5324E406B4006EAF0B /* Assets.xcassets in Resources */ = {isa = PBXBuildFile; fileRef = 9FC70B5224E406B4006EAF0B /* Assets.xcassets */; };
		9FC70B5624E406B4006EAF0B /* Preview Assets.xcassets in Resources */ = {isa = PBXBuildFile; fileRef = 9FC70B5524E406B4006EAF0B /* Preview Assets.xcassets */; };
		9FC70B5924E406B4006EAF0B /* LaunchScreen.storyboard in Resources */ = {isa = PBXBuildFile; fileRef = 9FC70B5724E406B4006EAF0B /* LaunchScreen.storyboard */; };
		9FC70B6424E406B4006EAF0B /* RealWorldTests.swift in Sources */ = {isa = PBXBuildFile; fileRef = 9FC70B6324E406B4006EAF0B /* RealWorldTests.swift */; };
		9FC70B6F24E406B4006EAF0B /* RealWorldUITests.swift in Sources */ = {isa = PBXBuildFile; fileRef = 9FC70B6E24E406B4006EAF0B /* RealWorldUITests.swift */; };
		9FC70B7E24E40870006EAF0B /* ArticleIndexView.swift in Sources */ = {isa = PBXBuildFile; fileRef = 9FC70B7D24E40870006EAF0B /* ArticleIndexView.swift */; };
		9FC70B8124E408D9006EAF0B /* ArticleIndexViewModel.swift in Sources */ = {isa = PBXBuildFile; fileRef = 9FC70B8024E408D9006EAF0B /* ArticleIndexViewModel.swift */; };
		9FC70B8424E41192006EAF0B /* Article.swift in Sources */ = {isa = PBXBuildFile; fileRef = 9FC70B8324E41192006EAF0B /* Article.swift */; };
		9FC70B8624E412A0006EAF0B /* User.swift in Sources */ = {isa = PBXBuildFile; fileRef = 9FC70B8524E412A0006EAF0B /* User.swift */; };
		9FC70B8824E412F9006EAF0B /* ArticleListRow.swift in Sources */ = {isa = PBXBuildFile; fileRef = 9FC70B8724E412F9006EAF0B /* ArticleListRow.swift */; };
/* End PBXBuildFile section */

/* Begin PBXContainerItemProxy section */
		9FC70B6024E406B4006EAF0B /* PBXContainerItemProxy */ = {
			isa = PBXContainerItemProxy;
			containerPortal = 9FC70B4124E406B1006EAF0B /* Project object */;
			proxyType = 1;
			remoteGlobalIDString = 9FC70B4824E406B1006EAF0B;
			remoteInfo = RealWorld;
		};
		9FC70B6B24E406B4006EAF0B /* PBXContainerItemProxy */ = {
			isa = PBXContainerItemProxy;
			containerPortal = 9FC70B4124E406B1006EAF0B /* Project object */;
			proxyType = 1;
			remoteGlobalIDString = 9FC70B4824E406B1006EAF0B;
			remoteInfo = RealWorld;
		};
/* End PBXContainerItemProxy section */

/* Begin PBXFileReference section */
		9FC70B4924E406B1006EAF0B /* RealWorld.app */ = {isa = PBXFileReference; explicitFileType = wrapper.application; includeInIndex = 0; path = RealWorld.app; sourceTree = BUILT_PRODUCTS_DIR; };
		9FC70B4C24E406B1006EAF0B /* AppDelegate.swift */ = {isa = PBXFileReference; lastKnownFileType = sourcecode.swift; path = AppDelegate.swift; sourceTree = "<group>"; };
		9FC70B4E24E406B1006EAF0B /* SceneDelegate.swift */ = {isa = PBXFileReference; lastKnownFileType = sourcecode.swift; path = SceneDelegate.swift; sourceTree = "<group>"; };
		9FC70B5024E406B1006EAF0B /* ContentView.swift */ = {isa = PBXFileReference; lastKnownFileType = sourcecode.swift; path = ContentView.swift; sourceTree = "<group>"; };
		9FC70B5224E406B4006EAF0B /* Assets.xcassets */ = {isa = PBXFileReference; lastKnownFileType = folder.assetcatalog; path = Assets.xcassets; sourceTree = "<group>"; };
		9FC70B5524E406B4006EAF0B /* Preview Assets.xcassets */ = {isa = PBXFileReference; lastKnownFileType = folder.assetcatalog; path = "Preview Assets.xcassets"; sourceTree = "<group>"; };
		9FC70B5824E406B4006EAF0B /* Base */ = {isa = PBXFileReference; lastKnownFileType = file.storyboard; name = Base; path = Base.lproj/LaunchScreen.storyboard; sourceTree = "<group>"; };
		9FC70B5A24E406B4006EAF0B /* Info.plist */ = {isa = PBXFileReference; lastKnownFileType = text.plist.xml; path = Info.plist; sourceTree = "<group>"; };
		9FC70B5F24E406B4006EAF0B /* RealWorldTests.xctest */ = {isa = PBXFileReference; explicitFileType = wrapper.cfbundle; includeInIndex = 0; path = RealWorldTests.xctest; sourceTree = BUILT_PRODUCTS_DIR; };
		9FC70B6324E406B4006EAF0B /* RealWorldTests.swift */ = {isa = PBXFileReference; lastKnownFileType = sourcecode.swift; path = RealWorldTests.swift; sourceTree = "<group>"; };
		9FC70B6524E406B4006EAF0B /* Info.plist */ = {isa = PBXFileReference; lastKnownFileType = text.plist.xml; path = Info.plist; sourceTree = "<group>"; };
		9FC70B6A24E406B4006EAF0B /* RealWorldUITests.xctest */ = {isa = PBXFileReference; explicitFileType = wrapper.cfbundle; includeInIndex = 0; path = RealWorldUITests.xctest; sourceTree = BUILT_PRODUCTS_DIR; };
		9FC70B6E24E406B4006EAF0B /* RealWorldUITests.swift */ = {isa = PBXFileReference; lastKnownFileType = sourcecode.swift; path = RealWorldUITests.swift; sourceTree = "<group>"; };
		9FC70B7024E406B4006EAF0B /* Info.plist */ = {isa = PBXFileReference; lastKnownFileType = text.plist.xml; path = Info.plist; sourceTree = "<group>"; };
		9FC70B7D24E40870006EAF0B /* ArticleIndexView.swift */ = {isa = PBXFileReference; lastKnownFileType = sourcecode.swift; path = ArticleIndexView.swift; sourceTree = "<group>"; };
		9FC70B8024E408D9006EAF0B /* ArticleIndexViewModel.swift */ = {isa = PBXFileReference; lastKnownFileType = sourcecode.swift; path = ArticleIndexViewModel.swift; sourceTree = "<group>"; };
		9FC70B8324E41192006EAF0B /* Article.swift */ = {isa = PBXFileReference; lastKnownFileType = sourcecode.swift; path = Article.swift; sourceTree = "<group>"; };
		9FC70B8524E412A0006EAF0B /* User.swift */ = {isa = PBXFileReference; lastKnownFileType = sourcecode.swift; path = User.swift; sourceTree = "<group>"; };
		9FC70B8724E412F9006EAF0B /* ArticleListRow.swift */ = {isa = PBXFileReference; lastKnownFileType = sourcecode.swift; path = ArticleListRow.swift; sourceTree = "<group>"; };
/* End PBXFileReference section */

/* Begin PBXFrameworksBuildPhase section */
		9FC70B4624E406B1006EAF0B /* Frameworks */ = {
			isa = PBXFrameworksBuildPhase;
			buildActionMask = 2147483647;
			files = (
			);
			runOnlyForDeploymentPostprocessing = 0;
		};
		9FC70B5C24E406B4006EAF0B /* Frameworks */ = {
			isa = PBXFrameworksBuildPhase;
			buildActionMask = 2147483647;
			files = (
			);
			runOnlyForDeploymentPostprocessing = 0;
		};
		9FC70B6724E406B4006EAF0B /* Frameworks */ = {
			isa = PBXFrameworksBuildPhase;
			buildActionMask = 2147483647;
			files = (
			);
			runOnlyForDeploymentPostprocessing = 0;
		};
/* End PBXFrameworksBuildPhase section */

/* Begin PBXGroup section */
		9FC70B4024E406B1006EAF0B = {
			isa = PBXGroup;
			children = (
				9FC70B4B24E406B1006EAF0B /* RealWorld */,
				9FC70B6224E406B4006EAF0B /* RealWorldTests */,
				9FC70B6D24E406B4006EAF0B /* RealWorldUITests */,
				9FC70B4A24E406B1006EAF0B /* Products */,
			);
			sourceTree = "<group>";
		};
		9FC70B4A24E406B1006EAF0B /* Products */ = {
			isa = PBXGroup;
			children = (
				9FC70B4924E406B1006EAF0B /* RealWorld.app */,
				9FC70B5F24E406B4006EAF0B /* RealWorldTests.xctest */,
				9FC70B6A24E406B4006EAF0B /* RealWorldUITests.xctest */,
			);
			name = Products;
			sourceTree = "<group>";
		};
		9FC70B4B24E406B1006EAF0B /* RealWorld */ = {
			isa = PBXGroup;
			children = (
				9FC70B8224E41184006EAF0B /* Models */,
				9FC70B7F24E408C4006EAF0B /* ViewModels */,
				9FC70B7C24E40860006EAF0B /* Views */,
				9FC70B4C24E406B1006EAF0B /* AppDelegate.swift */,
				9FC70B4E24E406B1006EAF0B /* SceneDelegate.swift */,
				9FC70B5024E406B1006EAF0B /* ContentView.swift */,
				9FC70B5224E406B4006EAF0B /* Assets.xcassets */,
				9FC70B5724E406B4006EAF0B /* LaunchScreen.storyboard */,
				9FC70B5A24E406B4006EAF0B /* Info.plist */,
				9FC70B5424E406B4006EAF0B /* Preview Content */,
			);
			path = RealWorld;
			sourceTree = "<group>";
		};
		9FC70B5424E406B4006EAF0B /* Preview Content */ = {
			isa = PBXGroup;
			children = (
				9FC70B5524E406B4006EAF0B /* Preview Assets.xcassets */,
			);
			path = "Preview Content";
			sourceTree = "<group>";
		};
		9FC70B6224E406B4006EAF0B /* RealWorldTests */ = {
			isa = PBXGroup;
			children = (
				9FC70B6324E406B4006EAF0B /* RealWorldTests.swift */,
				9FC70B6524E406B4006EAF0B /* Info.plist */,
			);
			path = RealWorldTests;
			sourceTree = "<group>";
		};
		9FC70B6D24E406B4006EAF0B /* RealWorldUITests */ = {
			isa = PBXGroup;
			children = (
				9FC70B6E24E406B4006EAF0B /* RealWorldUITests.swift */,
				9FC70B7024E406B4006EAF0B /* Info.plist */,
			);
			path = RealWorldUITests;
			sourceTree = "<group>";
		};
		9FC70B7C24E40860006EAF0B /* Views */ = {
			isa = PBXGroup;
			children = (
				9FC70B7D24E40870006EAF0B /* ArticleIndexView.swift */,
				9FC70B8724E412F9006EAF0B /* ArticleListRow.swift */,
			);
			path = Views;
			sourceTree = "<group>";
		};
		9FC70B7F24E408C4006EAF0B /* ViewModels */ = {
			isa = PBXGroup;
			children = (
				9FC70B8024E408D9006EAF0B /* ArticleIndexViewModel.swift */,
			);
			path = ViewModels;
			sourceTree = "<group>";
		};
		9FC70B8224E41184006EAF0B /* Models */ = {
			isa = PBXGroup;
			children = (
				9FC70B8324E41192006EAF0B /* Article.swift */,
				9FC70B8524E412A0006EAF0B /* User.swift */,
			);
			path = Models;
			sourceTree = "<group>";
		};
/* End PBXGroup section */

/* Begin PBXNativeTarget section */
		9FC70B4824E406B1006EAF0B /* RealWorld */ = {
			isa = PBXNativeTarget;
			buildConfigurationList = 9FC70B7324E406B4006EAF0B /* Build configuration list for PBXNativeTarget "RealWorld" */;
			buildPhases = (
				9FC70B4524E406B1006EAF0B /* Sources */,
				9FC70B4624E406B1006EAF0B /* Frameworks */,
				9FC70B4724E406B1006EAF0B /* Resources */,
			);
			buildRules = (
			);
			dependencies = (
			);
			name = RealWorld;
			productName = RealWorld;
			productReference = 9FC70B4924E406B1006EAF0B /* RealWorld.app */;
			productType = "com.apple.product-type.application";
		};
		9FC70B5E24E406B4006EAF0B /* RealWorldTests */ = {
			isa = PBXNativeTarget;
			buildConfigurationList = 9FC70B7624E406B4006EAF0B /* Build configuration list for PBXNativeTarget "RealWorldTests" */;
			buildPhases = (
				9FC70B5B24E406B4006EAF0B /* Sources */,
				9FC70B5C24E406B4006EAF0B /* Frameworks */,
				9FC70B5D24E406B4006EAF0B /* Resources */,
			);
			buildRules = (
			);
			dependencies = (
				9FC70B6124E406B4006EAF0B /* PBXTargetDependency */,
			);
			name = RealWorldTests;
			productName = RealWorldTests;
			productReference = 9FC70B5F24E406B4006EAF0B /* RealWorldTests.xctest */;
			productType = "com.apple.product-type.bundle.unit-test";
		};
		9FC70B6924E406B4006EAF0B /* RealWorldUITests */ = {
			isa = PBXNativeTarget;
			buildConfigurationList = 9FC70B7924E406B4006EAF0B /* Build configuration list for PBXNativeTarget "RealWorldUITests" */;
			buildPhases = (
				9FC70B6624E406B4006EAF0B /* Sources */,
				9FC70B6724E406B4006EAF0B /* Frameworks */,
				9FC70B6824E406B4006EAF0B /* Resources */,
			);
			buildRules = (
			);
			dependencies = (
				9FC70B6C24E406B4006EAF0B /* PBXTargetDependency */,
			);
			name = RealWorldUITests;
			productName = RealWorldUITests;
			productReference = 9FC70B6A24E406B4006EAF0B /* RealWorldUITests.xctest */;
			productType = "com.apple.product-type.bundle.ui-testing";
		};
/* End PBXNativeTarget section */

/* Begin PBXProject section */
		9FC70B4124E406B1006EAF0B /* Project object */ = {
			isa = PBXProject;
			attributes = {
				LastSwiftUpdateCheck = 1160;
				LastUpgradeCheck = 1160;
				ORGANIZATIONNAME = khirayama;
				TargetAttributes = {
					9FC70B4824E406B1006EAF0B = {
						CreatedOnToolsVersion = 11.6;
					};
					9FC70B5E24E406B4006EAF0B = {
						CreatedOnToolsVersion = 11.6;
						TestTargetID = 9FC70B4824E406B1006EAF0B;
					};
					9FC70B6924E406B4006EAF0B = {
						CreatedOnToolsVersion = 11.6;
						TestTargetID = 9FC70B4824E406B1006EAF0B;
					};
				};
			};
			buildConfigurationList = 9FC70B4424E406B1006EAF0B /* Build configuration list for PBXProject "RealWorld" */;
			compatibilityVersion = "Xcode 9.3";
			developmentRegion = en;
			hasScannedForEncodings = 0;
			knownRegions = (
				en,
				Base,
			);
			mainGroup = 9FC70B4024E406B1006EAF0B;
			productRefGroup = 9FC70B4A24E406B1006EAF0B /* Products */;
			projectDirPath = "";
			projectRoot = "";
			targets = (
				9FC70B4824E406B1006EAF0B /* RealWorld */,
				9FC70B5E24E406B4006EAF0B /* RealWorldTests */,
				9FC70B6924E406B4006EAF0B /* RealWorldUITests */,
			);
		};
/* End PBXProject section */

/* Begin PBXResourcesBuildPhase section */
		9FC70B4724E406B1006EAF0B /* Resources */ = {
			isa = PBXResourcesBuildPhase;
			buildActionMask = 2147483647;
			files = (
				9FC70B5924E406B4006EAF0B /* LaunchScreen.storyboard in Resources */,
				9FC70B5624E406B4006EAF0B /* Preview Assets.xcassets in Resources */,
				9FC70B5324E406B4006EAF0B /* Assets.xcassets in Resources */,
			);
			runOnlyForDeploymentPostprocessing = 0;
		};
		9FC70B5D24E406B4006EAF0B /* Resources */ = {
			isa = PBXResourcesBuildPhase;
			buildActionMask = 2147483647;
			files = (
			);
			runOnlyForDeploymentPostprocessing = 0;
		};
		9FC70B6824E406B4006EAF0B /* Resources */ = {
			isa = PBXResourcesBuildPhase;
			buildActionMask = 2147483647;
			files = (
			);
			runOnlyForDeploymentPostprocessing = 0;
		};
/* End PBXResourcesBuildPhase section */

/* Begin PBXSourcesBuildPhase section */
		9FC70B4524E406B1006EAF0B /* Sources */ = {
			isa = PBXSourcesBuildPhase;
			buildActionMask = 2147483647;
			files = (
				9FC70B7E24E40870006EAF0B /* ArticleIndexView.swift in Sources */,
				9FC70B4D24E406B1006EAF0B /* AppDelegate.swift in Sources */,
				9FC70B8424E41192006EAF0B /* Article.swift in Sources */,
				9FC70B8124E408D9006EAF0B /* ArticleIndexViewModel.swift in Sources */,
				9FC70B4F24E406B1006EAF0B /* SceneDelegate.swift in Sources */,
				9FC70B5124E406B1006EAF0B /* ContentView.swift in Sources */,
				9FC70B8624E412A0006EAF0B /* User.swift in Sources */,
				9FC70B8824E412F9006EAF0B /* ArticleListRow.swift in Sources */,
			);
			runOnlyForDeploymentPostprocessing = 0;
		};
		9FC70B5B24E406B4006EAF0B /* Sources */ = {
			isa = PBXSourcesBuildPhase;
			buildActionMask = 2147483647;
			files = (
				9FC70B6424E406B4006EAF0B /* RealWorldTests.swift in Sources */,
			);
			runOnlyForDeploymentPostprocessing = 0;
		};
		9FC70B6624E406B4006EAF0B /* Sources */ = {
			isa = PBXSourcesBuildPhase;
			buildActionMask = 2147483647;
			files = (
				9FC70B6F24E406B4006EAF0B /* RealWorldUITests.swift in Sources */,
			);
			runOnlyForDeploymentPostprocessing = 0;
		};
/* End PBXSourcesBuildPhase section */

/* Begin PBXTargetDependency section */
		9FC70B6124E406B4006EAF0B /* PBXTargetDependency */ = {
			isa = PBXTargetDependency;
			target = 9FC70B4824E406B1006EAF0B /* RealWorld */;
			targetProxy = 9FC70B6024E406B4006EAF0B /* PBXContainerItemProxy */;
		};
		9FC70B6C24E406B4006EAF0B /* PBXTargetDependency */ = {
			isa = PBXTargetDependency;
			target = 9FC70B4824E406B1006EAF0B /* RealWorld */;
			targetProxy = 9FC70B6B24E406B4006EAF0B /* PBXContainerItemProxy */;
		};
/* End PBXTargetDependency section */

/* Begin PBXVariantGroup section */
		9FC70B5724E406B4006EAF0B /* LaunchScreen.storyboard */ = {
			isa = PBXVariantGroup;
			children = (
				9FC70B5824E406B4006EAF0B /* Base */,
			);
			name = LaunchScreen.storyboard;
			sourceTree = "<group>";
		};
/* End PBXVariantGroup section */

/* Begin XCBuildConfiguration section */
		9FC70B7124E406B4006EAF0B /* Debug */ = {
			isa = XCBuildConfiguration;
			buildSettings = {
				ALWAYS_SEARCH_USER_PATHS = NO;
				CLANG_ANALYZER_NONNULL = YES;
				CLANG_ANALYZER_NUMBER_OBJECT_CONVERSION = YES_AGGRESSIVE;
				CLANG_CXX_LANGUAGE_STANDARD = "gnu++14";
				CLANG_CXX_LIBRARY = "libc++";
				CLANG_ENABLE_MODULES = YES;
				CLANG_ENABLE_OBJC_ARC = YES;
				CLANG_ENABLE_OBJC_WEAK = YES;
				CLANG_WARN_BLOCK_CAPTURE_AUTORELEASING = YES;
				CLANG_WARN_BOOL_CONVERSION = YES;
				CLANG_WARN_COMMA = YES;
				CLANG_WARN_CONSTANT_CONVERSION = YES;
				CLANG_WARN_DEPRECATED_OBJC_IMPLEMENTATIONS = YES;
				CLANG_WARN_DIRECT_OBJC_ISA_USAGE = YES_ERROR;
				CLANG_WARN_DOCUMENTATION_COMMENTS = YES;
				CLANG_WARN_EMPTY_BODY = YES;
				CLANG_WARN_ENUM_CONVERSION = YES;
				CLANG_WARN_INFINITE_RECURSION = YES;
				CLANG_WARN_INT_CONVERSION = YES;
				CLANG_WARN_NON_LITERAL_NULL_CONVERSION = YES;
				CLANG_WARN_OBJC_IMPLICIT_RETAIN_SELF = YES;
				CLANG_WARN_OBJC_LITERAL_CONVERSION = YES;
				CLANG_WARN_OBJC_ROOT_CLASS = YES_ERROR;
				CLANG_WARN_RANGE_LOOP_ANALYSIS = YES;
				CLANG_WARN_STRICT_PROTOTYPES = YES;
				CLANG_WARN_SUSPICIOUS_MOVE = YES;
				CLANG_WARN_UNGUARDED_AVAILABILITY = YES_AGGRESSIVE;
				CLANG_WARN_UNREACHABLE_CODE = YES;
				CLANG_WARN__DUPLICATE_METHOD_MATCH = YES;
				COPY_PHASE_STRIP = NO;
				DEBUG_INFORMATION_FORMAT = dwarf;
				ENABLE_STRICT_OBJC_MSGSEND = YES;
				ENABLE_TESTABILITY = YES;
				GCC_C_LANGUAGE_STANDARD = gnu11;
				GCC_DYNAMIC_NO_PIC = NO;
				GCC_NO_COMMON_BLOCKS = YES;
				GCC_OPTIMIZATION_LEVEL = 0;
				GCC_PREPROCESSOR_DEFINITIONS = (
					"DEBUG=1",
					"$(inherited)",
				);
				GCC_WARN_64_TO_32_BIT_CONVERSION = YES;
				GCC_WARN_ABOUT_RETURN_TYPE = YES_ERROR;
				GCC_WARN_UNDECLARED_SELECTOR = YES;
				GCC_WARN_UNINITIALIZED_AUTOS = YES_AGGRESSIVE;
				GCC_WARN_UNUSED_FUNCTION = YES;
				GCC_WARN_UNUSED_VARIABLE = YES;
				IPHONEOS_DEPLOYMENT_TARGET = 13.6;
				MTL_ENABLE_DEBUG_INFO = INCLUDE_SOURCE;
				MTL_FAST_MATH = YES;
				ONLY_ACTIVE_ARCH = YES;
				SDKROOT = iphoneos;
				SWIFT_ACTIVE_COMPILATION_CONDITIONS = DEBUG;
				SWIFT_OPTIMIZATION_LEVEL = "-Onone";
			};
			name = Debug;
		};
		9FC70B7224E406B4006EAF0B /* Release */ = {
			isa = XCBuildConfiguration;
			buildSettings = {
				ALWAYS_SEARCH_USER_PATHS = NO;
				CLANG_ANALYZER_NONNULL = YES;
				CLANG_ANALYZER_NUMBER_OBJECT_CONVERSION = YES_AGGRESSIVE;
				CLANG_CXX_LANGUAGE_STANDARD = "gnu++14";
				CLANG_CXX_LIBRARY = "libc++";
				CLANG_ENABLE_MODULES = YES;
				CLANG_ENABLE_OBJC_ARC = YES;
				CLANG_ENABLE_OBJC_WEAK = YES;
				CLANG_WARN_BLOCK_CAPTURE_AUTORELEASING = YES;
				CLANG_WARN_BOOL_CONVERSION = YES;
				CLANG_WARN_COMMA = YES;
				CLANG_WARN_CONSTANT_CONVERSION = YES;
				CLANG_WARN_DEPRECATED_OBJC_IMPLEMENTATIONS = YES;
				CLANG_WARN_DIRECT_OBJC_ISA_USAGE = YES_ERROR;
				CLANG_WARN_DOCUMENTATION_COMMENTS = YES;
				CLANG_WARN_EMPTY_BODY = YES;
				CLANG_WARN_ENUM_CONVERSION = YES;
				CLANG_WARN_INFINITE_RECURSION = YES;
				CLANG_WARN_INT_CONVERSION = YES;
				CLANG_WARN_NON_LITERAL_NULL_CONVERSION = YES;
				CLANG_WARN_OBJC_IMPLICIT_RETAIN_SELF = YES;
				CLANG_WARN_OBJC_LITERAL_CONVERSION = YES;
				CLANG_WARN_OBJC_ROOT_CLASS = YES_ERROR;
				CLANG_WARN_RANGE_LOOP_ANALYSIS = YES;
				CLANG_WARN_STRICT_PROTOTYPES = YES;
				CLANG_WARN_SUSPICIOUS_MOVE = YES;
				CLANG_WARN_UNGUARDED_AVAILABILITY = YES_AGGRESSIVE;
				CLANG_WARN_UNREACHABLE_CODE = YES;
				CLANG_WARN__DUPLICATE_METHOD_MATCH = YES;
				COPY_PHASE_STRIP = NO;
				DEBUG_INFORMATION_FORMAT = "dwarf-with-dsym";
				ENABLE_NS_ASSERTIONS = NO;
				ENABLE_STRICT_OBJC_MSGSEND = YES;
				GCC_C_LANGUAGE_STANDARD = gnu11;
				GCC_NO_COMMON_BLOCKS = YES;
				GCC_WARN_64_TO_32_BIT_CONVERSION = YES;
				GCC_WARN_ABOUT_RETURN_TYPE = YES_ERROR;
				GCC_WARN_UNDECLARED_SELECTOR = YES;
				GCC_WARN_UNINITIALIZED_AUTOS = YES_AGGRESSIVE;
				GCC_WARN_UNUSED_FUNCTION = YES;
				GCC_WARN_UNUSED_VARIABLE = YES;
				IPHONEOS_DEPLOYMENT_TARGET = 13.6;
				MTL_ENABLE_DEBUG_INFO = NO;
				MTL_FAST_MATH = YES;
				SDKROOT = iphoneos;
				SWIFT_COMPILATION_MODE = wholemodule;
				SWIFT_OPTIMIZATION_LEVEL = "-O";
				VALIDATE_PRODUCT = YES;
			};
			name = Release;
		};
		9FC70B7424E406B4006EAF0B /* Debug */ = {
			isa = XCBuildConfiguration;
			buildSettings = {
				ASSETCATALOG_COMPILER_APPICON_NAME = AppIcon;
				CODE_SIGN_STYLE = Automatic;
				DEVELOPMENT_ASSET_PATHS = "\"RealWorld/Preview Content\"";
				ENABLE_PREVIEWS = YES;
				INFOPLIST_FILE = RealWorld/Info.plist;
				LD_RUNPATH_SEARCH_PATHS = (
					"$(inherited)",
					"@executable_path/Frameworks",
				);
				PRODUCT_BUNDLE_IDENTIFIER = khirayama.RealWorld;
				PRODUCT_NAME = "$(TARGET_NAME)";
				SWIFT_VERSION = 5.0;
				TARGETED_DEVICE_FAMILY = "1,2";
			};
			name = Debug;
		};
		9FC70B7524E406B4006EAF0B /* Release */ = {
			isa = XCBuildConfiguration;
			buildSettings = {
				ASSETCATALOG_COMPILER_APPICON_NAME = AppIcon;
				CODE_SIGN_STYLE = Automatic;
				DEVELOPMENT_ASSET_PATHS = "\"RealWorld/Preview Content\"";
				ENABLE_PREVIEWS = YES;
				INFOPLIST_FILE = RealWorld/Info.plist;
				LD_RUNPATH_SEARCH_PATHS = (
					"$(inherited)",
					"@executable_path/Frameworks",
				);
				PRODUCT_BUNDLE_IDENTIFIER = khirayama.RealWorld;
				PRODUCT_NAME = "$(TARGET_NAME)";
				SWIFT_VERSION = 5.0;
				TARGETED_DEVICE_FAMILY = "1,2";
			};
			name = Release;
		};
		9FC70B7724E406B4006EAF0B /* Debug */ = {
			isa = XCBuildConfiguration;
			buildSettings = {
				ALWAYS_EMBED_SWIFT_STANDARD_LIBRARIES = YES;
				BUNDLE_LOADER = "$(TEST_HOST)";
				CODE_SIGN_STYLE = Automatic;
				INFOPLIST_FILE = RealWorldTests/Info.plist;
				IPHONEOS_DEPLOYMENT_TARGET = 13.6;
				LD_RUNPATH_SEARCH_PATHS = (
					"$(inherited)",
					"@executable_path/Frameworks",
					"@loader_path/Frameworks",
				);
				PRODUCT_BUNDLE_IDENTIFIER = khirayama.RealWorldTests;
				PRODUCT_NAME = "$(TARGET_NAME)";
				SWIFT_VERSION = 5.0;
				TARGETED_DEVICE_FAMILY = "1,2";
				TEST_HOST = "$(BUILT_PRODUCTS_DIR)/RealWorld.app/RealWorld";
			};
			name = Debug;
		};
		9FC70B7824E406B4006EAF0B /* Release */ = {
			isa = XCBuildConfiguration;
			buildSettings = {
				ALWAYS_EMBED_SWIFT_STANDARD_LIBRARIES = YES;
				BUNDLE_LOADER = "$(TEST_HOST)";
				CODE_SIGN_STYLE = Automatic;
				INFOPLIST_FILE = RealWorldTests/Info.plist;
				IPHONEOS_DEPLOYMENT_TARGET = 13.6;
				LD_RUNPATH_SEARCH_PATHS = (
					"$(inherited)",
					"@executable_path/Frameworks",
					"@loader_path/Frameworks",
				);
				PRODUCT_BUNDLE_IDENTIFIER = khirayama.RealWorldTests;
				PRODUCT_NAME = "$(TARGET_NAME)";
				SWIFT_VERSION = 5.0;
				TARGETED_DEVICE_FAMILY = "1,2";
				TEST_HOST = "$(BUILT_PRODUCTS_DIR)/RealWorld.app/RealWorld";
			};
			name = Release;
		};
		9FC70B7A24E406B4006EAF0B /* Debug */ = {
			isa = XCBuildConfiguration;
			buildSettings = {
				ALWAYS_EMBED_SWIFT_STANDARD_LIBRARIES = YES;
				CODE_SIGN_STYLE = Automatic;
				INFOPLIST_FILE = RealWorldUITests/Info.plist;
				LD_RUNPATH_SEARCH_PATHS = (
					"$(inherited)",
					"@executable_path/Frameworks",
					"@loader_path/Frameworks",
				);
				PRODUCT_BUNDLE_IDENTIFIER = khirayama.RealWorldUITests;
				PRODUCT_NAME = "$(TARGET_NAME)";
				SWIFT_VERSION = 5.0;
				TARGETED_DEVICE_FAMILY = "1,2";
				TEST_TARGET_NAME = RealWorld;
			};
			name = Debug;
		};
		9FC70B7B24E406B4006EAF0B /* Release */ = {
			isa = XCBuildConfiguration;
			buildSettings = {
				ALWAYS_EMBED_SWIFT_STANDARD_LIBRARIES = YES;
				CODE_SIGN_STYLE = Automatic;
				INFOPLIST_FILE = RealWorldUITests/Info.plist;
				LD_RUNPATH_SEARCH_PATHS = (
					"$(inherited)",
					"@executable_path/Frameworks",
					"@loader_path/Frameworks",
				);
				PRODUCT_BUNDLE_IDENTIFIER = khirayama.RealWorldUITests;
				PRODUCT_NAME = "$(TARGET_NAME)";
				SWIFT_VERSION = 5.0;
				TARGETED_DEVICE_FAMILY = "1,2";
				TEST_TARGET_NAME = RealWorld;
			};
			name = Release;
		};
/* End XCBuildConfiguration section */

/* Begin XCConfigurationList section */
		9FC70B4424E406B1006EAF0B /* Build configuration list for PBXProject "RealWorld" */ = {
			isa = XCConfigurationList;
			buildConfigurations = (
				9FC70B7124E406B4006EAF0B /* Debug */,
				9FC70B7224E406B4006EAF0B /* Release */,
			);
			defaultConfigurationIsVisible = 0;
			defaultConfigurationName = Release;
		};
		9FC70B7324E406B4006EAF0B /* Build configuration list for PBXNativeTarget "RealWorld" */ = {
			isa = XCConfigurationList;
			buildConfigurations = (
				9FC70B7424E406B4006EAF0B /* Debug */,
				9FC70B7524E406B4006EAF0B /* Release */,
			);
			defaultConfigurationIsVisible = 0;
			defaultConfigurationName = Release;
		};
		9FC70B7624E406B4006EAF0B /* Build configuration list for PBXNativeTarget "RealWorldTests" */ = {
			isa = XCConfigurationList;
			buildConfigurations = (
				9FC70B7724E406B4006EAF0B /* Debug */,
				9FC70B7824E406B4006EAF0B /* Release */,
			);
			defaultConfigurationIsVisible = 0;
			defaultConfigurationName = Release;
		};
		9FC70B7924E406B4006EAF0B /* Build configuration list for PBXNativeTarget "RealWorldUITests" */ = {
			isa = XCConfigurationList;
			buildConfigurations = (
				9FC70B7A24E406B4006EAF0B /* Debug */,
				9FC70B7B24E406B4006EAF0B /* Release */,
			);
			defaultConfigurationIsVisible = 0;
			defaultConfigurationName = Release;
		};
/* End XCConfigurationList section */
	};
	rootObject = 9FC70B4124E406B1006EAF0B /* Project object */;
}
